
Microsoft Visual Studio Solution File, Format Version 12.00
# Visual Studio Version 17
VisualStudioVersion = 17.7.34221.43
MinimumVisualStudioVersion = 10.0.40219.1
Project("{FAE04EC0-301F-11D3-BF4B-00C04F79EFBC}") = "web1", "web1\web1.csproj", "{34CA5B27-B0D7-4B9A-A46F-2CE7B1A2D9A4}"
EndProject
Project("{FAE04EC0-301F-11D3-BF4B-00C04F79EFBC}") = "web2", "web2\web2.csproj", "{3FF1135B-97AE-4428-86B0-494755B250B6}"
EndProject
Global
	GlobalSection(SolutionConfigurationPlatforms) = preSolution
		Debug|Any CPU = Debug|Any CPU
		Release|Any CPU = Release|Any CPU
	EndGlobalSection
	GlobalSection(ProjectConfigurationPlatforms) = postSolution
		{34CA5B27-B0D7-4B9A-A46F-2CE7B1A2D9A4}.Debug|Any CPU.ActiveCfg = Debug|Any CPU
		{34CA5B27-B0D7-4B9A-A46F-2CE7B1A2D9A4}.Debug|Any CPU.Build.0 = Debug|Any CPU
		{34CA5B27-B0D7-4B9A-A46F-2CE7B1A2D9A4}.Release|Any CPU.ActiveCfg = Release|Any CPU
		{34CA5B27-B0D7-4B9A-A46F-2CE7B1A2D9A4}.Release|Any CPU.Build.0 = Release|Any CPU
		{3FF1135B-97AE-4428-86B0-494755B250B6}.Debug|Any CPU.ActiveCfg = Debug|Any CPU
		{3FF1135B-97AE-4428-86B0-494755B250B6}.Debug|Any CPU.Build.0 = Debug|Any CPU
		{3FF1135B-97AE-4428-86B0-494755B250B6}.Release|Any CPU.ActiveCfg = Release|Any CPU
		{3FF1135B-97AE-4428-86B0-494755B250B6}.Release|Any CPU.Build.0 = Release|Any CPU
	EndGlobalSection
	GlobalSection(SolutionProperties) = preSolution
		HideSolutionNode = FALSE
	EndGlobalSection
	GlobalSection(ExtensibilityGlobals) = postSolution
		SolutionGuid = {1E33511B-33CC-4DD9-91AC-670F407795AB}
	EndGlobalSection
EndGlobal
